
Microsoft Visual Studio Solution File, Format Version 12.00
# Visual Studio Version 17
VisualStudioVersion = 17.5.33502.453
MinimumVisualStudioVersion = 10.0.40219.1
Project("{FAE04EC0-301F-11D3-BF4B-00C04F79EFBC}") = "2course_work_home_buhgaltery", "2course_work_home_buhgaltery\2course_work_home_buhgaltery.csproj", "{7F57F25C-C531-4366-8203-717331CA116B}"
EndProject
Global
	GlobalSection(SolutionConfigurationPlatforms) = preSolution
		Debug|Any CPU = Debug|Any CPU
		Release|Any CPU = Release|Any CPU
	EndGlobalSection
	GlobalSection(ProjectConfigurationPlatforms) = postSolution
		{7F57F25C-C531-4366-8203-717331CA116B}.Debug|Any CPU.ActiveCfg = Debug|Any CPU
		{7F57F25C-C531-4366-8203-717331CA116B}.Debug|Any CPU.Build.0 = Debug|Any CPU
		{7F57F25C-C531-4366-8203-717331CA116B}.Release|Any CPU.ActiveCfg = Release|Any CPU
		{7F57F25C-C531-4366-8203-717331CA116B}.Release|Any CPU.Build.0 = Release|Any CPU
	EndGlobalSection
	GlobalSection(SolutionProperties) = preSolution
		HideSolutionNode = FALSE
	EndGlobalSection
	GlobalSection(ExtensibilityGlobals) = postSolution
		SolutionGuid = {FDE4D4BD-3C43-43F0-9097-B3842D953A1C}
	EndGlobalSection
EndGlobal
